
Microsoft Visual Studio Solution File, Format Version 12.00
# Visual Studio Version 17
VisualStudioVersion = 17.7.33920.267
MinimumVisualStudioVersion = 10.0.40219.1
Project("{FAE04EC0-301F-11D3-BF4B-00C04F79EFBC}") = "Countries_module5_DZ", "Countries_module5_DZ\Countries_module5_DZ.csproj", "{727BED7F-DF7D-4781-8E47-9ED97B916E93}"
EndProject
Global
	GlobalSection(SolutionConfigurationPlatforms) = preSolution
		Debug|Any CPU = Debug|Any CPU
		Release|Any CPU = Release|Any CPU
	EndGlobalSection
	GlobalSection(ProjectConfigurationPlatforms) = postSolution
		{727BED7F-DF7D-4781-8E47-9ED97B916E93}.Debug|Any CPU.ActiveCfg = Debug|Any CPU
		{727BED7F-DF7D-4781-8E47-9ED97B916E93}.Debug|Any CPU.Build.0 = Debug|Any CPU
		{727BED7F-DF7D-4781-8E47-9ED97B916E93}.Release|Any CPU.ActiveCfg = Release|Any CPU
		{727BED7F-DF7D-4781-8E47-9ED97B916E93}.Release|Any CPU.Build.0 = Release|Any CPU
	EndGlobalSection
	GlobalSection(SolutionProperties) = preSolution
		HideSolutionNode = FALSE
	EndGlobalSection
	GlobalSection(ExtensibilityGlobals) = postSolution
		SolutionGuid = {F5629200-869A-4066-A550-8B94AD86A75F}
	EndGlobalSection
EndGlobal
